// !$*UTF8*$!
{
	archiveVersion = 1;
	classes = {
	};
	objectVersion = 56;
	objects = {

/* Begin PBXBuildFile section */
		119CB0418DF64A61AC050015 /* Pods_ios_fastlane.framework in Frameworks */ = {isa = PBXBuildFile; fileRef = AD9EB8DCBA4E2D80C87427E7 /* Pods_ios_fastlane.framework */; };
		5649B322C22B1CD8527E95EE /* Pods_ios_fastlane_ios_fastlaneUITests.framework in Frameworks */ = {isa = PBXBuildFile; fileRef = EA54C07960371BFF86D44FA2 /* Pods_ios_fastlane_ios_fastlaneUITests.framework */; };
		7C513B2B6AE59A1C16BE8526 /* Pods_ios_fastlaneTests.framework in Frameworks */ = {isa = PBXBuildFile; fileRef = D0D515904ABC218012FDD0BB /* Pods_ios_fastlaneTests.framework */; };
		9339DA362A66CD010089BBF1 /* Podfile in Resources */ = {isa = PBXBuildFile; fileRef = 9339DA352A66CD010089BBF1 /* Podfile */; };
		9339DA382A66CD0B0089BBF1 /* Podfile.lock in Resources */ = {isa = PBXBuildFile; fileRef = 9339DA372A66CD0B0089BBF1 /* Podfile.lock */; };
		93A6091F2A65C1310049E1FD /* ios_fastlaneApp.swift in Sources */ = {isa = PBXBuildFile; fileRef = 93A6091E2A65C1310049E1FD /* ios_fastlaneApp.swift */; };
		93A609212A65C1310049E1FD /* ContentView.swift in Sources */ = {isa = PBXBuildFile; fileRef = 93A609202A65C1310049E1FD /* ContentView.swift */; };
		93A609232A65C1320049E1FD /* Assets.xcassets in Resources */ = {isa = PBXBuildFile; fileRef = 93A609222A65C1320049E1FD /* Assets.xcassets */; };
		93A609302A65C1320049E1FD /* ios_fastlaneTests.swift in Sources */ = {isa = PBXBuildFile; fileRef = 93A6092F2A65C1320049E1FD /* ios_fastlaneTests.swift */; };
		93A6093A2A65C1320049E1FD /* ios_fastlaneUITests.swift in Sources */ = {isa = PBXBuildFile; fileRef = 93A609392A65C1320049E1FD /* ios_fastlaneUITests.swift */; };
		93A6093C2A65C1320049E1FD /* ios_fastlaneUITestsLaunchTests.swift in Sources */ = {isa = PBXBuildFile; fileRef = 93A6093B2A65C1320049E1FD /* ios_fastlaneUITestsLaunchTests.swift */; };
/* End PBXBuildFile section */

/* Begin PBXContainerItemProxy section */
		93A6092C2A65C1320049E1FD /* PBXContainerItemProxy */ = {
			isa = PBXContainerItemProxy;
			containerPortal = 93A609132A65C1310049E1FD /* Project object */;
			proxyType = 1;
			remoteGlobalIDString = 93A6091A2A65C1310049E1FD;
			remoteInfo = "ios-fastlane";
		};
		93A609362A65C1320049E1FD /* PBXContainerItemProxy */ = {
			isa = PBXContainerItemProxy;
			containerPortal = 93A609132A65C1310049E1FD /* Project object */;
			proxyType = 1;
			remoteGlobalIDString = 93A6091A2A65C1310049E1FD;
			remoteInfo = "ios-fastlane";
		};
/* End PBXContainerItemProxy section */

/* Begin PBXFileReference section */
		5030A4F58CFE1A9006570FD8 /* Pods-ios-fastlane.release.xcconfig */ = {isa = PBXFileReference; includeInIndex = 1; lastKnownFileType = text.xcconfig; name = "Pods-ios-fastlane.release.xcconfig"; path = "Target Support Files/Pods-ios-fastlane/Pods-ios-fastlane.release.xcconfig"; sourceTree = "<group>"; };
		6630BC34BE6F78CBD24E4C06 /* Pods-ios-fastlaneTests.debug.xcconfig */ = {isa = PBXFileReference; includeInIndex = 1; lastKnownFileType = text.xcconfig; name = "Pods-ios-fastlaneTests.debug.xcconfig"; path = "Target Support Files/Pods-ios-fastlaneTests/Pods-ios-fastlaneTests.debug.xcconfig"; sourceTree = "<group>"; };
		72AEAE39F7FF17F5FAF668C0 /* Pods-ios-fastlane.debug.xcconfig */ = {isa = PBXFileReference; includeInIndex = 1; lastKnownFileType = text.xcconfig; name = "Pods-ios-fastlane.debug.xcconfig"; path = "Target Support Files/Pods-ios-fastlane/Pods-ios-fastlane.debug.xcconfig"; sourceTree = "<group>"; };
		9339DA352A66CD010089BBF1 /* Podfile */ = {isa = PBXFileReference; fileEncoding = 4; lastKnownFileType = text; path = Podfile; sourceTree = "<group>"; };
		9339DA372A66CD0B0089BBF1 /* Podfile.lock */ = {isa = PBXFileReference; fileEncoding = 4; lastKnownFileType = text; path = Podfile.lock; sourceTree = "<group>"; };
		93A6091B2A65C1310049E1FD /* ios-fastlane.app */ = {isa = PBXFileReference; explicitFileType = wrapper.application; includeInIndex = 0; path = "ios-fastlane.app"; sourceTree = BUILT_PRODUCTS_DIR; };
		93A6091E2A65C1310049E1FD /* ios_fastlaneApp.swift */ = {isa = PBXFileReference; lastKnownFileType = sourcecode.swift; path = ios_fastlaneApp.swift; sourceTree = "<group>"; };
		93A609202A65C1310049E1FD /* ContentView.swift */ = {isa = PBXFileReference; lastKnownFileType = sourcecode.swift; path = ContentView.swift; sourceTree = "<group>"; };
		93A609222A65C1320049E1FD /* Assets.xcassets */ = {isa = PBXFileReference; lastKnownFileType = folder.assetcatalog; path = Assets.xcassets; sourceTree = "<group>"; };
		93A6092B2A65C1320049E1FD /* ios-fastlaneTests.xctest */ = {isa = PBXFileReference; explicitFileType = wrapper.cfbundle; includeInIndex = 0; path = "ios-fastlaneTests.xctest"; sourceTree = BUILT_PRODUCTS_DIR; };
		93A6092F2A65C1320049E1FD /* ios_fastlaneTests.swift */ = {isa = PBXFileReference; lastKnownFileType = sourcecode.swift; path = ios_fastlaneTests.swift; sourceTree = "<group>"; };
		93A609352A65C1320049E1FD /* ios-fastlaneUITests.xctest */ = {isa = PBXFileReference; explicitFileType = wrapper.cfbundle; includeInIndex = 0; path = "ios-fastlaneUITests.xctest"; sourceTree = BUILT_PRODUCTS_DIR; };
		93A609392A65C1320049E1FD /* ios_fastlaneUITests.swift */ = {isa = PBXFileReference; lastKnownFileType = sourcecode.swift; path = ios_fastlaneUITests.swift; sourceTree = "<group>"; };
		93A6093B2A65C1320049E1FD /* ios_fastlaneUITestsLaunchTests.swift */ = {isa = PBXFileReference; lastKnownFileType = sourcecode.swift; path = ios_fastlaneUITestsLaunchTests.swift; sourceTree = "<group>"; };
		A1513B68CA5C6F5C51F23368 /* Pods-ios-fastlane-ios-fastlaneUITests.debug.xcconfig */ = {isa = PBXFileReference; includeInIndex = 1; lastKnownFileType = text.xcconfig; name = "Pods-ios-fastlane-ios-fastlaneUITests.debug.xcconfig"; path = "Target Support Files/Pods-ios-fastlane-ios-fastlaneUITests/Pods-ios-fastlane-ios-fastlaneUITests.debug.xcconfig"; sourceTree = "<group>"; };
		AB52E8A323D0EE5F64671A22 /* Pods-ios-fastlaneTests.release.xcconfig */ = {isa = PBXFileReference; includeInIndex = 1; lastKnownFileType = text.xcconfig; name = "Pods-ios-fastlaneTests.release.xcconfig"; path = "Target Support Files/Pods-ios-fastlaneTests/Pods-ios-fastlaneTests.release.xcconfig"; sourceTree = "<group>"; };
		AD9EB8DCBA4E2D80C87427E7 /* Pods_ios_fastlane.framework */ = {isa = PBXFileReference; explicitFileType = wrapper.framework; includeInIndex = 0; path = Pods_ios_fastlane.framework; sourceTree = BUILT_PRODUCTS_DIR; };
		D0D515904ABC218012FDD0BB /* Pods_ios_fastlaneTests.framework */ = {isa = PBXFileReference; explicitFileType = wrapper.framework; includeInIndex = 0; path = Pods_ios_fastlaneTests.framework; sourceTree = BUILT_PRODUCTS_DIR; };
		D188DB801B4D98598946B178 /* Pods-ios-fastlane-ios-fastlaneUITests.release.xcconfig */ = {isa = PBXFileReference; includeInIndex = 1; lastKnownFileType = text.xcconfig; name = "Pods-ios-fastlane-ios-fastlaneUITests.release.xcconfig"; path = "Target Support Files/Pods-ios-fastlane-ios-fastlaneUITests/Pods-ios-fastlane-ios-fastlaneUITests.release.xcconfig"; sourceTree = "<group>"; };
		EA54C07960371BFF86D44FA2 /* Pods_ios_fastlane_ios_fastlaneUITests.framework */ = {isa = PBXFileReference; explicitFileType = wrapper.framework; includeInIndex = 0; path = Pods_ios_fastlane_ios_fastlaneUITests.framework; sourceTree = BUILT_PRODUCTS_DIR; };
/* End PBXFileReference section */

/* Begin PBXFrameworksBuildPhase section */
		93A609182A65C1310049E1FD /* Frameworks */ = {
			isa = PBXFrameworksBuildPhase;
			buildActionMask = 2147483647;
			files = (
				119CB0418DF64A61AC050015 /* Pods_ios_fastlane.framework in Frameworks */,
			);
			runOnlyForDeploymentPostprocessing = 0;
		};
		93A609282A65C1320049E1FD /* Frameworks */ = {
			isa = PBXFrameworksBuildPhase;
			buildActionMask = 2147483647;
			files = (
				7C513B2B6AE59A1C16BE8526 /* Pods_ios_fastlaneTests.framework in Frameworks */,
			);
			runOnlyForDeploymentPostprocessing = 0;
		};
		93A609322A65C1320049E1FD /* Frameworks */ = {
			isa = PBXFrameworksBuildPhase;
			buildActionMask = 2147483647;
			files = (
				5649B322C22B1CD8527E95EE /* Pods_ios_fastlane_ios_fastlaneUITests.framework in Frameworks */,
			);
			runOnlyForDeploymentPostprocessing = 0;
		};
/* End PBXFrameworksBuildPhase section */

/* Begin PBXGroup section */
		9339DA342A65DEA10089BBF1 /* services */ = {
			isa = PBXGroup;
			children = (
			);
			path = services;
			sourceTree = "<group>";
		};
		93A609122A65C1310049E1FD = {
			isa = PBXGroup;
			children = (
				9339DA372A66CD0B0089BBF1 /* Podfile.lock */,
				9339DA352A66CD010089BBF1 /* Podfile */,
				93A6091D2A65C1310049E1FD /* ios-fastlane */,
				93A6092E2A65C1320049E1FD /* ios-fastlaneTests */,
				93A609382A65C1320049E1FD /* ios-fastlaneUITests */,
				93A6091C2A65C1310049E1FD /* Products */,
				96CC3CD8C2C2DB34FAD7F0CB /* Pods */,
				948176E09D313BEA39668938 /* Frameworks */,
			);
			sourceTree = "<group>";
		};
		93A6091C2A65C1310049E1FD /* Products */ = {
			isa = PBXGroup;
			children = (
				93A6091B2A65C1310049E1FD /* ios-fastlane.app */,
				93A6092B2A65C1320049E1FD /* ios-fastlaneTests.xctest */,
				93A609352A65C1320049E1FD /* ios-fastlaneUITests.xctest */,
			);
			name = Products;
			sourceTree = "<group>";
		};
		93A6091D2A65C1310049E1FD /* ios-fastlane */ = {
			isa = PBXGroup;
			children = (
				9339DA342A65DEA10089BBF1 /* services */,
				93A6091E2A65C1310049E1FD /* ios_fastlaneApp.swift */,
				93A609202A65C1310049E1FD /* ContentView.swift */,
				93A609222A65C1320049E1FD /* Assets.xcassets */,
			);
			path = "ios-fastlane";
			sourceTree = "<group>";
		};
		93A6092E2A65C1320049E1FD /* ios-fastlaneTests */ = {
			isa = PBXGroup;
			children = (
				93A6092F2A65C1320049E1FD /* ios_fastlaneTests.swift */,
			);
			path = "ios-fastlaneTests";
			sourceTree = "<group>";
		};
		93A609382A65C1320049E1FD /* ios-fastlaneUITests */ = {
			isa = PBXGroup;
			children = (
				93A609392A65C1320049E1FD /* ios_fastlaneUITests.swift */,
				93A6093B2A65C1320049E1FD /* ios_fastlaneUITestsLaunchTests.swift */,
			);
			path = "ios-fastlaneUITests";
			sourceTree = "<group>";
		};
		948176E09D313BEA39668938 /* Frameworks */ = {
			isa = PBXGroup;
			children = (
				AD9EB8DCBA4E2D80C87427E7 /* Pods_ios_fastlane.framework */,
				EA54C07960371BFF86D44FA2 /* Pods_ios_fastlane_ios_fastlaneUITests.framework */,
				D0D515904ABC218012FDD0BB /* Pods_ios_fastlaneTests.framework */,
			);
			name = Frameworks;
			sourceTree = "<group>";
		};
		96CC3CD8C2C2DB34FAD7F0CB /* Pods */ = {
			isa = PBXGroup;
			children = (
				72AEAE39F7FF17F5FAF668C0 /* Pods-ios-fastlane.debug.xcconfig */,
				5030A4F58CFE1A9006570FD8 /* Pods-ios-fastlane.release.xcconfig */,
				A1513B68CA5C6F5C51F23368 /* Pods-ios-fastlane-ios-fastlaneUITests.debug.xcconfig */,
				D188DB801B4D98598946B178 /* Pods-ios-fastlane-ios-fastlaneUITests.release.xcconfig */,
				6630BC34BE6F78CBD24E4C06 /* Pods-ios-fastlaneTests.debug.xcconfig */,
				AB52E8A323D0EE5F64671A22 /* Pods-ios-fastlaneTests.release.xcconfig */,
			);
			path = Pods;
			sourceTree = "<group>";
		};
/* End PBXGroup section */

/* Begin PBXNativeTarget section */
		93A6091A2A65C1310049E1FD /* ios-fastlane */ = {
			isa = PBXNativeTarget;
			buildConfigurationList = 93A6093F2A65C1320049E1FD /* Build configuration list for PBXNativeTarget "ios-fastlane" */;
			buildPhases = (
				781F118EBC8FA96C42D11C2F /* [CP] Check Pods Manifest.lock */,
				93A609172A65C1310049E1FD /* Sources */,
				93A609182A65C1310049E1FD /* Frameworks */,
				93A609192A65C1310049E1FD /* Resources */,
				E74156AF1501A9BA1DB005B7 /* [CP] Embed Pods Frameworks */,
			);
			buildRules = (
			);
			dependencies = (
			);
			name = "ios-fastlane";
			productName = "ios-fastlane";
			productReference = 93A6091B2A65C1310049E1FD /* ios-fastlane.app */;
			productType = "com.apple.product-type.application";
		};
		93A6092A2A65C1320049E1FD /* ios-fastlaneTests */ = {
			isa = PBXNativeTarget;
			buildConfigurationList = 93A609422A65C1320049E1FD /* Build configuration list for PBXNativeTarget "ios-fastlaneTests" */;
			buildPhases = (
				3BF1B38702776664A443190B /* [CP] Check Pods Manifest.lock */,
				93A609272A65C1320049E1FD /* Sources */,
				93A609282A65C1320049E1FD /* Frameworks */,
				93A609292A65C1320049E1FD /* Resources */,
			);
			buildRules = (
			);
			dependencies = (
				93A6092D2A65C1320049E1FD /* PBXTargetDependency */,
			);
			name = "ios-fastlaneTests";
			productName = "ios-fastlaneTests";
			productReference = 93A6092B2A65C1320049E1FD /* ios-fastlaneTests.xctest */;
			productType = "com.apple.product-type.bundle.unit-test";
		};
		93A609342A65C1320049E1FD /* ios-fastlaneUITests */ = {
			isa = PBXNativeTarget;
			buildConfigurationList = 93A609452A65C1320049E1FD /* Build configuration list for PBXNativeTarget "ios-fastlaneUITests" */;
			buildPhases = (
				15759F267DCFBDFC862CCE26 /* [CP] Check Pods Manifest.lock */,
				93A609312A65C1320049E1FD /* Sources */,
				93A609322A65C1320049E1FD /* Frameworks */,
				93A609332A65C1320049E1FD /* Resources */,
				BB63A88D7013C8C87246EBBD /* [CP] Embed Pods Frameworks */,
			);
			buildRules = (
			);
			dependencies = (
				93A609372A65C1320049E1FD /* PBXTargetDependency */,
			);
			name = "ios-fastlaneUITests";
			productName = "ios-fastlaneUITests";
			productReference = 93A609352A65C1320049E1FD /* ios-fastlaneUITests.xctest */;
			productType = "com.apple.product-type.bundle.ui-testing";
		};
/* End PBXNativeTarget section */

/* Begin PBXProject section */
		93A609132A65C1310049E1FD /* Project object */ = {
			isa = PBXProject;
			attributes = {
				BuildIndependentTargetsInParallel = 1;
				LastSwiftUpdateCheck = 1420;
				LastUpgradeCheck = 1420;
				TargetAttributes = {
					93A6091A2A65C1310049E1FD = {
						CreatedOnToolsVersion = 14.2;
					};
					93A6092A2A65C1320049E1FD = {
						CreatedOnToolsVersion = 14.2;
						TestTargetID = 93A6091A2A65C1310049E1FD;
					};
					93A609342A65C1320049E1FD = {
						CreatedOnToolsVersion = 14.2;
						TestTargetID = 93A6091A2A65C1310049E1FD;
					};
				};
			};
			buildConfigurationList = 93A609162A65C1310049E1FD /* Build configuration list for PBXProject "ios-fastlane" */;
			compatibilityVersion = "Xcode 14.0";
			developmentRegion = en;
			hasScannedForEncodings = 0;
			knownRegions = (
				en,
				Base,
			);
			mainGroup = 93A609122A65C1310049E1FD;
			productRefGroup = 93A6091C2A65C1310049E1FD /* Products */;
			projectDirPath = "";
			projectRoot = "";
			targets = (
				93A6091A2A65C1310049E1FD /* ios-fastlane */,
				93A6092A2A65C1320049E1FD /* ios-fastlaneTests */,
				93A609342A65C1320049E1FD /* ios-fastlaneUITests */,
			);
		};
/* End PBXProject section */

/* Begin PBXResourcesBuildPhase section */
		93A609192A65C1310049E1FD /* Resources */ = {
			isa = PBXResourcesBuildPhase;
			buildActionMask = 2147483647;
			files = (
				9339DA382A66CD0B0089BBF1 /* Podfile.lock in Resources */,
				9339DA362A66CD010089BBF1 /* Podfile in Resources */,
				93A609232A65C1320049E1FD /* Assets.xcassets in Resources */,
			);
			runOnlyForDeploymentPostprocessing = 0;
		};
		93A609292A65C1320049E1FD /* Resources */ = {
			isa = PBXResourcesBuildPhase;
			buildActionMask = 2147483647;
			files = (
			);
			runOnlyForDeploymentPostprocessing = 0;
		};
		93A609332A65C1320049E1FD /* Resources */ = {
			isa = PBXResourcesBuildPhase;
			buildActionMask = 2147483647;
			files = (
			);
			runOnlyForDeploymentPostprocessing = 0;
		};
/* End PBXResourcesBuildPhase section */

/* Begin PBXShellScriptBuildPhase section */
		15759F267DCFBDFC862CCE26 /* [CP] Check Pods Manifest.lock */ = {
			isa = PBXShellScriptBuildPhase;
			buildActionMask = 2147483647;
			files = (
			);
			inputFileListPaths = (
			);
			inputPaths = (
				"${PODS_PODFILE_DIR_PATH}/Podfile.lock",
				"${PODS_ROOT}/Manifest.lock",
			);
			name = "[CP] Check Pods Manifest.lock";
			outputFileListPaths = (
			);
			outputPaths = (
				"$(DERIVED_FILE_DIR)/Pods-ios-fastlane-ios-fastlaneUITests-checkManifestLockResult.txt",
			);
			runOnlyForDeploymentPostprocessing = 0;
			shellPath = /bin/sh;
			shellScript = "diff \"${PODS_PODFILE_DIR_PATH}/Podfile.lock\" \"${PODS_ROOT}/Manifest.lock\" > /dev/null\nif [ $? != 0 ] ; then\n    # print error to STDERR\n    echo \"error: The sandbox is not in sync with the Podfile.lock. Run 'pod install' or update your CocoaPods installation.\" >&2\n    exit 1\nfi\n# This output is used by Xcode 'outputs' to avoid re-running this script phase.\necho \"SUCCESS\" > \"${SCRIPT_OUTPUT_FILE_0}\"\n";
			showEnvVarsInLog = 0;
		};
		3BF1B38702776664A443190B /* [CP] Check Pods Manifest.lock */ = {
			isa = PBXShellScriptBuildPhase;
			buildActionMask = 2147483647;
			files = (
			);
			inputFileListPaths = (
			);
			inputPaths = (
				"${PODS_PODFILE_DIR_PATH}/Podfile.lock",
				"${PODS_ROOT}/Manifest.lock",
			);
			name = "[CP] Check Pods Manifest.lock";
			outputFileListPaths = (
			);
			outputPaths = (
				"$(DERIVED_FILE_DIR)/Pods-ios-fastlaneTests-checkManifestLockResult.txt",
			);
			runOnlyForDeploymentPostprocessing = 0;
			shellPath = /bin/sh;
			shellScript = "diff \"${PODS_PODFILE_DIR_PATH}/Podfile.lock\" \"${PODS_ROOT}/Manifest.lock\" > /dev/null\nif [ $? != 0 ] ; then\n    # print error to STDERR\n    echo \"error: The sandbox is not in sync with the Podfile.lock. Run 'pod install' or update your CocoaPods installation.\" >&2\n    exit 1\nfi\n# This output is used by Xcode 'outputs' to avoid re-running this script phase.\necho \"SUCCESS\" > \"${SCRIPT_OUTPUT_FILE_0}\"\n";
			showEnvVarsInLog = 0;
		};
		781F118EBC8FA96C42D11C2F /* [CP] Check Pods Manifest.lock */ = {
			isa = PBXShellScriptBuildPhase;
			buildActionMask = 2147483647;
			files = (
			);
			inputFileListPaths = (
			);
			inputPaths = (
				"${PODS_PODFILE_DIR_PATH}/Podfile.lock",
				"${PODS_ROOT}/Manifest.lock",
			);
			name = "[CP] Check Pods Manifest.lock";
			outputFileListPaths = (
			);
			outputPaths = (
				"$(DERIVED_FILE_DIR)/Pods-ios-fastlane-checkManifestLockResult.txt",
			);
			runOnlyForDeploymentPostprocessing = 0;
			shellPath = /bin/sh;
			shellScript = "diff \"${PODS_PODFILE_DIR_PATH}/Podfile.lock\" \"${PODS_ROOT}/Manifest.lock\" > /dev/null\nif [ $? != 0 ] ; then\n    # print error to STDERR\n    echo \"error: The sandbox is not in sync with the Podfile.lock. Run 'pod install' or update your CocoaPods installation.\" >&2\n    exit 1\nfi\n# This output is used by Xcode 'outputs' to avoid re-running this script phase.\necho \"SUCCESS\" > \"${SCRIPT_OUTPUT_FILE_0}\"\n";
			showEnvVarsInLog = 0;
		};
		BB63A88D7013C8C87246EBBD /* [CP] Embed Pods Frameworks */ = {
			isa = PBXShellScriptBuildPhase;
			buildActionMask = 2147483647;
			files = (
			);
			inputFileListPaths = (
				"${PODS_ROOT}/Target Support Files/Pods-ios-fastlane-ios-fastlaneUITests/Pods-ios-fastlane-ios-fastlaneUITests-frameworks-${CONFIGURATION}-input-files.xcfilelist",
			);
			name = "[CP] Embed Pods Frameworks";
			outputFileListPaths = (
				"${PODS_ROOT}/Target Support Files/Pods-ios-fastlane-ios-fastlaneUITests/Pods-ios-fastlane-ios-fastlaneUITests-frameworks-${CONFIGURATION}-output-files.xcfilelist",
			);
			runOnlyForDeploymentPostprocessing = 0;
			shellPath = /bin/sh;
			shellScript = "\"${PODS_ROOT}/Target Support Files/Pods-ios-fastlane-ios-fastlaneUITests/Pods-ios-fastlane-ios-fastlaneUITests-frameworks.sh\"\n";
			showEnvVarsInLog = 0;
		};
		E74156AF1501A9BA1DB005B7 /* [CP] Embed Pods Frameworks */ = {
			isa = PBXShellScriptBuildPhase;
			buildActionMask = 2147483647;
			files = (
			);
			inputFileListPaths = (
				"${PODS_ROOT}/Target Support Files/Pods-ios-fastlane/Pods-ios-fastlane-frameworks-${CONFIGURATION}-input-files.xcfilelist",
			);
			name = "[CP] Embed Pods Frameworks";
			outputFileListPaths = (
				"${PODS_ROOT}/Target Support Files/Pods-ios-fastlane/Pods-ios-fastlane-frameworks-${CONFIGURATION}-output-files.xcfilelist",
			);
			runOnlyForDeploymentPostprocessing = 0;
			shellPath = /bin/sh;
			shellScript = "\"${PODS_ROOT}/Target Support Files/Pods-ios-fastlane/Pods-ios-fastlane-frameworks.sh\"\n";
			showEnvVarsInLog = 0;
		};
/* End PBXShellScriptBuildPhase section */

/* Begin PBXSourcesBuildPhase section */
		93A609172A65C1310049E1FD /* Sources */ = {
			isa = PBXSourcesBuildPhase;
			buildActionMask = 2147483647;
			files = (
				93A609212A65C1310049E1FD /* ContentView.swift in Sources */,
				93A6091F2A65C1310049E1FD /* ios_fastlaneApp.swift in Sources */,
			);
			runOnlyForDeploymentPostprocessing = 0;
		};
		93A609272A65C1320049E1FD /* Sources */ = {
			isa = PBXSourcesBuildPhase;
			buildActionMask = 2147483647;
			files = (
				93A609302A65C1320049E1FD /* ios_fastlaneTests.swift in Sources */,
			);
			runOnlyForDeploymentPostprocessing = 0;
		};
		93A609312A65C1320049E1FD /* Sources */ = {
			isa = PBXSourcesBuildPhase;
			buildActionMask = 2147483647;
			files = (
				93A6093C2A65C1320049E1FD /* ios_fastlaneUITestsLaunchTests.swift in Sources */,
				93A6093A2A65C1320049E1FD /* ios_fastlaneUITests.swift in Sources */,
			);
			runOnlyForDeploymentPostprocessing = 0;
		};
/* End PBXSourcesBuildPhase section */

/* Begin PBXTargetDependency section */
		93A6092D2A65C1320049E1FD /* PBXTargetDependency */ = {
			isa = PBXTargetDependency;
			target = 93A6091A2A65C1310049E1FD /* ios-fastlane */;
			targetProxy = 93A6092C2A65C1320049E1FD /* PBXContainerItemProxy */;
		};
		93A609372A65C1320049E1FD /* PBXTargetDependency */ = {
			isa = PBXTargetDependency;
			target = 93A6091A2A65C1310049E1FD /* ios-fastlane */;
			targetProxy = 93A609362A65C1320049E1FD /* PBXContainerItemProxy */;
		};
/* End PBXTargetDependency section */

/* Begin XCBuildConfiguration section */
		93A6093D2A65C1320049E1FD /* Debug */ = {
			isa = XCBuildConfiguration;
			buildSettings = {
				ALWAYS_SEARCH_USER_PATHS = NO;
				CLANG_ANALYZER_NONNULL = YES;
				CLANG_ANALYZER_NUMBER_OBJECT_CONVERSION = YES_AGGRESSIVE;
				CLANG_CXX_LANGUAGE_STANDARD = "gnu++20";
				CLANG_ENABLE_MODULES = YES;
				CLANG_ENABLE_OBJC_ARC = YES;
				CLANG_ENABLE_OBJC_WEAK = YES;
				CLANG_WARN_BLOCK_CAPTURE_AUTORELEASING = YES;
				CLANG_WARN_BOOL_CONVERSION = YES;
				CLANG_WARN_COMMA = YES;
				CLANG_WARN_CONSTANT_CONVERSION = YES;
				CLANG_WARN_DEPRECATED_OBJC_IMPLEMENTATIONS = YES;
				CLANG_WARN_DIRECT_OBJC_ISA_USAGE = YES_ERROR;
				CLANG_WARN_DOCUMENTATION_COMMENTS = YES;
				CLANG_WARN_EMPTY_BODY = YES;
				CLANG_WARN_ENUM_CONVERSION = YES;
				CLANG_WARN_INFINITE_RECURSION = YES;
				CLANG_WARN_INT_CONVERSION = YES;
				CLANG_WARN_NON_LITERAL_NULL_CONVERSION = YES;
				CLANG_WARN_OBJC_IMPLICIT_RETAIN_SELF = YES;
				CLANG_WARN_OBJC_LITERAL_CONVERSION = YES;
				CLANG_WARN_OBJC_ROOT_CLASS = YES_ERROR;
				CLANG_WARN_QUOTED_INCLUDE_IN_FRAMEWORK_HEADER = YES;
				CLANG_WARN_RANGE_LOOP_ANALYSIS = YES;
				CLANG_WARN_STRICT_PROTOTYPES = YES;
				CLANG_WARN_SUSPICIOUS_MOVE = YES;
				CLANG_WARN_UNGUARDED_AVAILABILITY = YES_AGGRESSIVE;
				CLANG_WARN_UNREACHABLE_CODE = YES;
				CLANG_WARN__DUPLICATE_METHOD_MATCH = YES;
				COPY_PHASE_STRIP = NO;
				DEBUG_INFORMATION_FORMAT = dwarf;
				ENABLE_STRICT_OBJC_MSGSEND = YES;
				ENABLE_TESTABILITY = YES;
				GCC_C_LANGUAGE_STANDARD = gnu11;
				GCC_DYNAMIC_NO_PIC = NO;
				GCC_NO_COMMON_BLOCKS = YES;
				GCC_OPTIMIZATION_LEVEL = 0;
				GCC_PREPROCESSOR_DEFINITIONS = (
					"DEBUG=1",
					"$(inherited)",
				);
				GCC_WARN_64_TO_32_BIT_CONVERSION = YES;
				GCC_WARN_ABOUT_RETURN_TYPE = YES_ERROR;
				GCC_WARN_UNDECLARED_SELECTOR = YES;
				GCC_WARN_UNINITIALIZED_AUTOS = YES_AGGRESSIVE;
				GCC_WARN_UNUSED_FUNCTION = YES;
				GCC_WARN_UNUSED_VARIABLE = YES;
				IPHONEOS_DEPLOYMENT_TARGET = 16.2;
				MTL_ENABLE_DEBUG_INFO = INCLUDE_SOURCE;
				MTL_FAST_MATH = YES;
				ONLY_ACTIVE_ARCH = YES;
				SDKROOT = iphoneos;
				SWIFT_ACTIVE_COMPILATION_CONDITIONS = DEBUG;
				SWIFT_OPTIMIZATION_LEVEL = "-Onone";
			};
			name = Debug;
		};
		93A6093E2A65C1320049E1FD /* Release */ = {
			isa = XCBuildConfiguration;
			buildSettings = {
				ALWAYS_SEARCH_USER_PATHS = NO;
				CLANG_ANALYZER_NONNULL = YES;
				CLANG_ANALYZER_NUMBER_OBJECT_CONVERSION = YES_AGGRESSIVE;
				CLANG_CXX_LANGUAGE_STANDARD = "gnu++20";
				CLANG_ENABLE_MODULES = YES;
				CLANG_ENABLE_OBJC_ARC = YES;
				CLANG_ENABLE_OBJC_WEAK = YES;
				CLANG_WARN_BLOCK_CAPTURE_AUTORELEASING = YES;
				CLANG_WARN_BOOL_CONVERSION = YES;
				CLANG_WARN_COMMA = YES;
				CLANG_WARN_CONSTANT_CONVERSION = YES;
				CLANG_WARN_DEPRECATED_OBJC_IMPLEMENTATIONS = YES;
				CLANG_WARN_DIRECT_OBJC_ISA_USAGE = YES_ERROR;
				CLANG_WARN_DOCUMENTATION_COMMENTS = YES;
				CLANG_WARN_EMPTY_BODY = YES;
				CLANG_WARN_ENUM_CONVERSION = YES;
				CLANG_WARN_INFINITE_RECURSION = YES;
				CLANG_WARN_INT_CONVERSION = YES;
				CLANG_WARN_NON_LITERAL_NULL_CONVERSION = YES;
				CLANG_WARN_OBJC_IMPLICIT_RETAIN_SELF = YES;
				CLANG_WARN_OBJC_LITERAL_CONVERSION = YES;
				CLANG_WARN_OBJC_ROOT_CLASS = YES_ERROR;
				CLANG_WARN_QUOTED_INCLUDE_IN_FRAMEWORK_HEADER = YES;
				CLANG_WARN_RANGE_LOOP_ANALYSIS = YES;
				CLANG_WARN_STRICT_PROTOTYPES = YES;
				CLANG_WARN_SUSPICIOUS_MOVE = YES;
				CLANG_WARN_UNGUARDED_AVAILABILITY = YES_AGGRESSIVE;
				CLANG_WARN_UNREACHABLE_CODE = YES;
				CLANG_WARN__DUPLICATE_METHOD_MATCH = YES;
				COPY_PHASE_STRIP = NO;
				DEBUG_INFORMATION_FORMAT = "dwarf-with-dsym";
				ENABLE_NS_ASSERTIONS = NO;
				ENABLE_STRICT_OBJC_MSGSEND = YES;
				GCC_C_LANGUAGE_STANDARD = gnu11;
				GCC_NO_COMMON_BLOCKS = YES;
				GCC_WARN_64_TO_32_BIT_CONVERSION = YES;
				GCC_WARN_ABOUT_RETURN_TYPE = YES_ERROR;
				GCC_WARN_UNDECLARED_SELECTOR = YES;
				GCC_WARN_UNINITIALIZED_AUTOS = YES_AGGRESSIVE;
				GCC_WARN_UNUSED_FUNCTION = YES;
				GCC_WARN_UNUSED_VARIABLE = YES;
				IPHONEOS_DEPLOYMENT_TARGET = 16.2;
				MTL_ENABLE_DEBUG_INFO = NO;
				MTL_FAST_MATH = YES;
				SDKROOT = iphoneos;
				SWIFT_COMPILATION_MODE = wholemodule;
				SWIFT_OPTIMIZATION_LEVEL = "-O";
				VALIDATE_PRODUCT = YES;
			};
			name = Release;
		};
		93A609402A65C1320049E1FD /* Debug */ = {
			isa = XCBuildConfiguration;
			baseConfigurationReference = 72AEAE39F7FF17F5FAF668C0 /* Pods-ios-fastlane.debug.xcconfig */;
			buildSettings = {
				ASSETCATALOG_COMPILER_APPICON_NAME = AppIcon;
				ASSETCATALOG_COMPILER_GLOBAL_ACCENT_COLOR_NAME = AccentColor;
				CODE_SIGN_STYLE = Automatic;
				CURRENT_PROJECT_VERSION = 1;
				DEVELOPMENT_ASSET_PATHS = "";
				DEVELOPMENT_TEAM = M3CQ93J3WS;
				ENABLE_PREVIEWS = YES;
				GENERATE_INFOPLIST_FILE = YES;
				INFOPLIST_KEY_UIApplicationSceneManifest_Generation = YES;
				INFOPLIST_KEY_UIApplicationSupportsIndirectInputEvents = YES;
				INFOPLIST_KEY_UILaunchScreen_Generation = YES;
				INFOPLIST_KEY_UISupportedInterfaceOrientations_iPad = "UIInterfaceOrientationPortrait UIInterfaceOrientationPortraitUpsideDown UIInterfaceOrientationLandscapeLeft UIInterfaceOrientationLandscapeRight";
				INFOPLIST_KEY_UISupportedInterfaceOrientations_iPhone = "UIInterfaceOrientationPortrait UIInterfaceOrientationLandscapeLeft UIInterfaceOrientationLandscapeRight";
				LD_RUNPATH_SEARCH_PATHS = (
					"$(inherited)",
					"@executable_path/Frameworks",
				);
				MARKETING_VERSION = 1.0;
				PRODUCT_BUNDLE_IDENTIFIER = "leocompiler.ios-fastlane";
				PRODUCT_NAME = "$(TARGET_NAME)";
				SWIFT_EMIT_LOC_STRINGS = YES;
				SWIFT_VERSION = 5.0;
				TARGETED_DEVICE_FAMILY = "1,2";
			};
			name = Debug;
		};
		93A609412A65C1320049E1FD /* Release */ = {
			isa = XCBuildConfiguration;
			baseConfigurationReference = 5030A4F58CFE1A9006570FD8 /* Pods-ios-fastlane.release.xcconfig */;
			buildSettings = {
				ASSETCATALOG_COMPILER_APPICON_NAME = AppIcon;
				ASSETCATALOG_COMPILER_GLOBAL_ACCENT_COLOR_NAME = AccentColor;
				CODE_SIGN_STYLE = Automatic;
				CURRENT_PROJECT_VERSION = 1;
				DEVELOPMENT_ASSET_PATHS = "";
				DEVELOPMENT_TEAM = M3CQ93J3WS;
				ENABLE_PREVIEWS = YES;
				GENERATE_INFOPLIST_FILE = YES;
				INFOPLIST_KEY_UIApplicationSceneManifest_Generation = YES;
				INFOPLIST_KEY_UIApplicationSupportsIndirectInputEvents = YES;
				INFOPLIST_KEY_UILaunchScreen_Generation = YES;
				INFOPLIST_KEY_UISupportedInterfaceOrientations_iPad = "UIInterfaceOrientationPortrait UIInterfaceOrientationPortraitUpsideDown UIInterfaceOrientationLandscapeLeft UIInterfaceOrientationLandscapeRight";
				INFOPLIST_KEY_UISupportedInterfaceOrientations_iPhone = "UIInterfaceOrientationPortrait UIInterfaceOrientationLandscapeLeft UIInterfaceOrientationLandscapeRight";
				LD_RUNPATH_SEARCH_PATHS = (
					"$(inherited)",
					"@executable_path/Frameworks",
				);
				MARKETING_VERSION = 1.0;
				PRODUCT_BUNDLE_IDENTIFIER = "leocompiler.ios-fastlane";
				PRODUCT_NAME = "$(TARGET_NAME)";
				SWIFT_EMIT_LOC_STRINGS = YES;
				SWIFT_VERSION = 5.0;
				TARGETED_DEVICE_FAMILY = "1,2";
			};
			name = Release;
		};
		93A609432A65C1320049E1FD /* Debug */ = {
			isa = XCBuildConfiguration;
			baseConfigurationReference = 6630BC34BE6F78CBD24E4C06 /* Pods-ios-fastlaneTests.debug.xcconfig */;
			buildSettings = {
				ALWAYS_EMBED_SWIFT_STANDARD_LIBRARIES = YES;
				BUNDLE_LOADER = "$(TEST_HOST)";
				CODE_SIGN_STYLE = Automatic;
				CURRENT_PROJECT_VERSION = 1;
				DEVELOPMENT_TEAM = M3CQ93J3WS;
				GENERATE_INFOPLIST_FILE = YES;
				IPHONEOS_DEPLOYMENT_TARGET = 16.2;
				MARKETING_VERSION = 1.0;
				PRODUCT_BUNDLE_IDENTIFIER = "leocompiler.ios-fastlaneTests";
				PRODUCT_NAME = "$(TARGET_NAME)";
				SWIFT_EMIT_LOC_STRINGS = NO;
				SWIFT_VERSION = 5.0;
				TARGETED_DEVICE_FAMILY = "1,2";
				TEST_HOST = "$(BUILT_PRODUCTS_DIR)/ios-fastlane.app/$(BUNDLE_EXECUTABLE_FOLDER_PATH)/ios-fastlane";
			};
			name = Debug;
		};
		93A609442A65C1320049E1FD /* Release */ = {
			isa = XCBuildConfiguration;
			baseConfigurationReference = AB52E8A323D0EE5F64671A22 /* Pods-ios-fastlaneTests.release.xcconfig */;
			buildSettings = {
				ALWAYS_EMBED_SWIFT_STANDARD_LIBRARIES = YES;
				BUNDLE_LOADER = "$(TEST_HOST)";
				CODE_SIGN_STYLE = Automatic;
				CURRENT_PROJECT_VERSION = 1;
				DEVELOPMENT_TEAM = M3CQ93J3WS;
				GENERATE_INFOPLIST_FILE = YES;
				IPHONEOS_DEPLOYMENT_TARGET = 16.2;
				MARKETING_VERSION = 1.0;
				PRODUCT_BUNDLE_IDENTIFIER = "leocompiler.ios-fastlaneTests";
				PRODUCT_NAME = "$(TARGET_NAME)";
				SWIFT_EMIT_LOC_STRINGS = NO;
				SWIFT_VERSION = 5.0;
				TARGETED_DEVICE_FAMILY = "1,2";
				TEST_HOST = "$(BUILT_PRODUCTS_DIR)/ios-fastlane.app/$(BUNDLE_EXECUTABLE_FOLDER_PATH)/ios-fastlane";
			};
			name = Release;
		};
		93A609462A65C1320049E1FD /* Debug */ = {
			isa = XCBuildConfiguration;
			baseConfigurationReference = A1513B68CA5C6F5C51F23368 /* Pods-ios-fastlane-ios-fastlaneUITests.debug.xcconfig */;
			buildSettings = {
				ALWAYS_EMBED_SWIFT_STANDARD_LIBRARIES = YES;
				CODE_SIGN_STYLE = Automatic;
				CURRENT_PROJECT_VERSION = 1;
				DEVELOPMENT_TEAM = M3CQ93J3WS;
				GENERATE_INFOPLIST_FILE = YES;
				MARKETING_VERSION = 1.0;
				PRODUCT_BUNDLE_IDENTIFIER = "leocompiler.ios-fastlaneUITests";
				PRODUCT_NAME = "$(TARGET_NAME)";
				SWIFT_EMIT_LOC_STRINGS = NO;
				SWIFT_VERSION = 5.0;
				TARGETED_DEVICE_FAMILY = "1,2";
				TEST_TARGET_NAME = "ios-fastlane";
			};
			name = Debug;
		};
		93A609472A65C1320049E1FD /* Release */ = {
			isa = XCBuildConfiguration;
			baseConfigurationReference = D188DB801B4D98598946B178 /* Pods-ios-fastlane-ios-fastlaneUITests.release.xcconfig */;
			buildSettings = {
				ALWAYS_EMBED_SWIFT_STANDARD_LIBRARIES = YES;
				CODE_SIGN_STYLE = Automatic;
				CURRENT_PROJECT_VERSION = 1;
				DEVELOPMENT_TEAM = M3CQ93J3WS;
				GENERATE_INFOPLIST_FILE = YES;
				MARKETING_VERSION = 1.0;
				PRODUCT_BUNDLE_IDENTIFIER = "leocompiler.ios-fastlaneUITests";
				PRODUCT_NAME = "$(TARGET_NAME)";
				SWIFT_EMIT_LOC_STRINGS = NO;
				SWIFT_VERSION = 5.0;
				TARGETED_DEVICE_FAMILY = "1,2";
				TEST_TARGET_NAME = "ios-fastlane";
			};
			name = Release;
		};
/* End XCBuildConfiguration section */

/* Begin XCConfigurationList section */
		93A609162A65C1310049E1FD /* Build configuration list for PBXProject "ios-fastlane" */ = {
			isa = XCConfigurationList;
			buildConfigurations = (
				93A6093D2A65C1320049E1FD /* Debug */,
				93A6093E2A65C1320049E1FD /* Release */,
			);
			defaultConfigurationIsVisible = 0;
			defaultConfigurationName = Release;
		};
		93A6093F2A65C1320049E1FD /* Build configuration list for PBXNativeTarget "ios-fastlane" */ = {
			isa = XCConfigurationList;
			buildConfigurations = (
				93A609402A65C1320049E1FD /* Debug */,
				93A609412A65C1320049E1FD /* Release */,
			);
			defaultConfigurationIsVisible = 0;
			defaultConfigurationName = Release;
		};
		93A609422A65C1320049E1FD /* Build configuration list for PBXNativeTarget "ios-fastlaneTests" */ = {
			isa = XCConfigurationList;
			buildConfigurations = (
				93A609432A65C1320049E1FD /* Debug */,
				93A609442A65C1320049E1FD /* Release */,
			);
			defaultConfigurationIsVisible = 0;
			defaultConfigurationName = Release;
		};
		93A609452A65C1320049E1FD /* Build configuration list for PBXNativeTarget "ios-fastlaneUITests" */ = {
			isa = XCConfigurationList;
			buildConfigurations = (
				93A609462A65C1320049E1FD /* Debug */,
				93A609472A65C1320049E1FD /* Release */,
			);
			defaultConfigurationIsVisible = 0;
			defaultConfigurationName = Release;
		};
/* End XCConfigurationList section */
	};
	rootObject = 93A609132A65C1310049E1FD /* Project object */;
}
